{
  "version": 4,
  "terraform_version": "1.1.7",
  "serial": 111,
  "lineage": "cad0b00d-b125-a7d5-eddb-c25d38059608",
  "outputs": {
    "master_ips": {
      "value": [
        "78.46.226.108"
      ],
      "type": [
        "tuple",
        [
          "string"
        ]
      ]
    },
    "worker_ips": {
      "value": [
        "78.47.76.160",
        "78.47.63.242"
      ],
      "type": [
        "tuple",
        [
          "string",
          "string"
        ]
      ]
    }
  },
  "resources": [
    {
      "mode": "data",
      "type": "aws_route53_zone",
      "name": "primary",
      "provider": "provider[\"registry.terraform.io/hashicorp/aws\"]",
      "instances": [
        {
          "schema_version": 0,
          "attributes": {
            "arn": "arn:aws:route53:::hostedzone/Z05155231ZNVHO66421DK",
            "caller_reference": "0443b074-fe66-4bde-945c-d600a4136760",
            "comment": "",
            "id": "Z05155231ZNVHO66421DK",
            "linked_service_description": null,
            "linked_service_principal": null,
            "name": "florian.fail",
            "name_servers": [
              "ns-1237.awsdns-26.org",
              "ns-504.awsdns-63.com",
              "ns-1988.awsdns-56.co.uk",
              "ns-800.awsdns-36.net"
            ],
            "private_zone": false,
            "resource_record_set_count": 3,
            "tags": {},
            "vpc_id": null,
            "zone_id": "Z05155231ZNVHO66421DK"
          },
          "sensitive_attributes": []
        }
      ]
    },
    {
      "mode": "data",
      "type": "hcloud_ssh_key",
      "name": "ssh_key",
      "provider": "provider[\"registry.terraform.io/hetznercloud/hcloud\"]",
      "instances": [
        {
          "schema_version": 0,
          "attributes": {
            "fingerprint": "89:f3:7f:c3:2e:a1:dc:b4:55:72:a9:9d:d8:d7:19:2a",
            "id": 6738656,
            "labels": {},
            "name": "id_rsa.pub",
            "public_key": "ssh-rsa AAAAB3NzaC1yc2EAAAADAQABAAACAQDBjxA1a9lrecsjCwQwFw05emNuI03Khgf1R1KA8zhKnP52uBoaesuv2oKjNL7c2DdCkfyVkrv/U9Uq3c9DyGt/zO7WNz4fcfSutb/YiEnjmfIL21LLLWB8dxjMGT7neTKT+Dwv+3yZWhAG46SL79SNSBGVDFmCZ3kq1uByfl56xR7N/S3UfSXKv+l8RmSphNz1ljafD7jnqy1gVetAQnNndccBqFQs1knTX6BC8txtSfzc6BVkcLcmjAcAo64JX1z+gAW3+nxh0EEW6eF6SqgUHEuGyfpOdp2fjGq1XHpz44zBBFTN7QXX+0Mrmm620gvCaFcOzd3U8ZXEHtEC6ZX+lqJDQcoUnp/rVUzNMGdxy1uRbEcFxnZY/nR0rBRwmYWPMuaaHYF9kKANy9i+5pvKrJ8wrT0uOhBcKIgbwc9ghhPMDUlLu3/VsZh6y0CccLUG9EohEH7xarbwEwh0DjkgNXNut56vfe52E4I7B/y5jFeMvX13jOR9GIQehLsGr5ZmIKUCLRcvr47LcFGVsM2NYsfpTXyS/aBb1Shn9ZQ/Dxxwr8XMbnxqHm2g/DbeusOcVjBNMFqebjLTYkzbWKcOXjV1RnSr9U+ilSmIjSrSJpQxVyO3nPv15riOVsNCVxM9caI/WJB2P6B9Lin19+wZMAAKcyGyTuG5v99c91GC2Q== florian@MacBook-Pro.local",
            "selector": null,
            "with_selector": null
          },
          "sensitive_attributes": []
        }
      ]
    },
    {
      "mode": "managed",
      "type": "aws_route53_record",
      "name": "master_records",
      "provider": "provider[\"registry.terraform.io/hashicorp/aws\"]",
      "instances": [
        {
          "index_key": 0,
          "schema_version": 2,
          "attributes": {
            "alias": [],
            "allow_overwrite": null,
            "failover_routing_policy": [],
            "fqdn": "master-0.florian.fail",
            "geolocation_routing_policy": [],
            "health_check_id": null,
            "id": "Z05155231ZNVHO66421DK_master-0.florian.fail_A",
            "latency_routing_policy": [],
            "multivalue_answer_routing_policy": null,
            "name": "master-0.florian.fail",
            "records": [
              "78.46.226.108"
            ],
            "set_identifier": null,
            "ttl": 300,
            "type": "A",
            "weighted_routing_policy": [],
            "zone_id": "Z05155231ZNVHO66421DK"
          },
          "sensitive_attributes": [],
          "private": "eyJzY2hlbWFfdmVyc2lvbiI6IjIifQ==",
          "dependencies": [
            "data.aws_route53_zone.primary",
            "data.hcloud_ssh_key.ssh_key",
            "hcloud_network.network",
            "hcloud_network_subnet.network-subnet",
            "hcloud_server.master_nodes"
          ]
        }
      ]
    },
    {
      "mode": "managed",
      "type": "aws_route53_record",
      "name": "worker_records",
      "provider": "provider[\"registry.terraform.io/hashicorp/aws\"]",
      "instances": [
        {
          "index_key": 0,
          "schema_version": 2,
          "attributes": {
            "alias": [],
            "allow_overwrite": null,
            "failover_routing_policy": [],
            "fqdn": "worker-0.florian.fail",
            "geolocation_routing_policy": [],
            "health_check_id": null,
            "id": "Z05155231ZNVHO66421DK_worker-0.florian.fail_A",
            "latency_routing_policy": [],
            "multivalue_answer_routing_policy": null,
            "name": "worker-0.florian.fail",
            "records": [
              "78.47.76.160"
            ],
            "set_identifier": null,
            "ttl": 300,
            "type": "A",
            "weighted_routing_policy": [],
            "zone_id": "Z05155231ZNVHO66421DK"
          },
          "sensitive_attributes": [],
          "private": "eyJzY2hlbWFfdmVyc2lvbiI6IjIifQ==",
          "dependencies": [
            "data.aws_route53_zone.primary",
            "data.hcloud_ssh_key.ssh_key",
            "hcloud_network.network",
            "hcloud_network_subnet.network-subnet",
            "hcloud_server.worker_nodes"
          ]
        },
        {
          "index_key": 1,
          "schema_version": 2,
          "attributes": {
            "alias": [],
            "allow_overwrite": null,
            "failover_routing_policy": [],
            "fqdn": "worker-1.florian.fail",
            "geolocation_routing_policy": [],
            "health_check_id": null,
            "id": "Z05155231ZNVHO66421DK_worker-1.florian.fail_A",
            "latency_routing_policy": [],
            "multivalue_answer_routing_policy": null,
            "name": "worker-1.florian.fail",
            "records": [
              "78.47.63.242"
            ],
            "set_identifier": null,
            "ttl": 300,
            "type": "A",
            "weighted_routing_policy": [],
            "zone_id": "Z05155231ZNVHO66421DK"
          },
          "sensitive_attributes": [],
          "private": "eyJzY2hlbWFfdmVyc2lvbiI6IjIifQ==",
          "dependencies": [
            "data.aws_route53_zone.primary",
            "data.hcloud_ssh_key.ssh_key",
            "hcloud_network.network",
            "hcloud_network_subnet.network-subnet",
            "hcloud_server.worker_nodes"
          ]
        }
      ]
    },
    {
      "mode": "managed",
      "type": "hcloud_network",
      "name": "network",
      "provider": "provider[\"registry.terraform.io/hetznercloud/hcloud\"]",
      "instances": [
        {
          "schema_version": 0,
          "attributes": {
            "delete_protection": false,
            "id": "1762403",
            "ip_range": "10.0.0.0/16",
            "labels": null,
            "name": "k8snetwork"
          },
          "sensitive_attributes": [],
          "private": "bnVsbA=="
        }
      ]
    },
    {
      "mode": "managed",
      "type": "hcloud_network_subnet",
      "name": "network-subnet",
      "provider": "provider[\"registry.terraform.io/hetznercloud/hcloud\"]",
      "instances": [
        {
          "schema_version": 0,
          "attributes": {
            "gateway": "10.0.0.1",
            "id": "1762403-10.0.1.0/24",
            "ip_range": "10.0.1.0/24",
            "network_id": 1762403,
            "network_zone": "eu-central",
            "type": "cloud",
            "vswitch_id": null
          },
          "sensitive_attributes": [],
          "private": "bnVsbA==",
          "dependencies": [
            "hcloud_network.network"
          ]
        }
      ]
    },
    {
      "mode": "managed",
      "type": "hcloud_server",
      "name": "master_nodes",
      "provider": "provider[\"registry.terraform.io/hetznercloud/hcloud\"]",
      "instances": [
        {
          "index_key": 0,
          "schema_version": 0,
          "attributes": {
            "backup_window": "",
            "backups": false,
            "datacenter": "nbg1-dc3",
            "delete_protection": false,
            "firewall_ids": [],
            "id": "21510462",
            "ignore_remote_firewall_ids": false,
            "image": "ubuntu-22.04",
            "ipv4_address": "78.46.226.108",
            "ipv6_address": "2a01:4f8:1c1e:6477::1",
            "ipv6_network": "2a01:4f8:1c1e:6477::/64",
            "iso": null,
            "keep_disk": false,
            "labels": null,
            "location": "nbg1",
            "name": "master-0",
            "network": [
              {
                "alias_ips": [],
                "ip": "10.0.1.10",
                "mac_address": "86:00:00:15:6c:63",
                "network_id": 1762403
              }
            ],
            "placement_group_id": null,
            "rebuild_protection": false,
            "rescue": null,
            "server_type": "cx11",
            "ssh_keys": [
              "6738656"
            ],
            "status": "running",
            "timeouts": null,
            "user_data": null
          },
          "sensitive_attributes": [],
          "private": "eyJlMmJmYjczMC1lY2FhLTExZTYtOGY4OC0zNDM2M2JjN2M0YzAiOnsiY3JlYXRlIjo1NDAwMDAwMDAwMDAwfX0=",
          "dependencies": [
            "data.hcloud_ssh_key.ssh_key",
            "hcloud_network.network",
            "hcloud_network_subnet.network-subnet"
          ]
        }
      ]
    },
    {
      "mode": "managed",
      "type": "hcloud_server",
      "name": "worker_nodes",
      "provider": "provider[\"registry.terraform.io/hetznercloud/hcloud\"]",
      "instances": [
        {
          "index_key": 0,
          "schema_version": 0,
          "attributes": {
            "backup_window": "",
            "backups": false,
            "datacenter": "nbg1-dc3",
            "delete_protection": false,
            "firewall_ids": [],
            "id": "21510463",
            "ignore_remote_firewall_ids": false,
            "image": "ubuntu-22.04",
            "ipv4_address": "78.47.76.160",
            "ipv6_address": "2a01:4f8:1c1e:5966::1",
            "ipv6_network": "2a01:4f8:1c1e:5966::/64",
            "iso": null,
            "keep_disk": false,
            "labels": null,
            "location": "nbg1",
            "name": "worker-0",
            "network": [
              {
                "alias_ips": [],
                "ip": "10.0.1.20",
                "mac_address": "86:00:00:15:6c:64",
                "network_id": 1762403
              }
            ],
            "placement_group_id": null,
            "rebuild_protection": false,
            "rescue": null,
            "server_type": "cx11",
            "ssh_keys": [
              "6738656"
            ],
            "status": "running",
            "timeouts": null,
            "user_data": null
          },
          "sensitive_attributes": [],
          "private": "eyJlMmJmYjczMC1lY2FhLTExZTYtOGY4OC0zNDM2M2JjN2M0YzAiOnsiY3JlYXRlIjo1NDAwMDAwMDAwMDAwfX0=",
          "dependencies": [
            "data.hcloud_ssh_key.ssh_key",
            "hcloud_network.network",
            "hcloud_network_subnet.network-subnet"
          ]
        },
        {
          "index_key": 1,
          "schema_version": 0,
          "attributes": {
            "backup_window": "",
            "backups": false,
            "datacenter": "nbg1-dc3",
            "delete_protection": false,
            "firewall_ids": [],
            "id": "21510461",
            "ignore_remote_firewall_ids": false,
            "image": "ubuntu-22.04",
            "ipv4_address": "78.47.63.242",
            "ipv6_address": "2a01:4f8:1c1e:5d73::1",
            "ipv6_network": "2a01:4f8:1c1e:5d73::/64",
            "iso": null,
            "keep_disk": false,
            "labels": null,
            "location": "nbg1",
            "name": "worker-1",
            "network": [
              {
                "alias_ips": [],
                "ip": "10.0.1.21",
                "mac_address": "86:00:00:15:6c:61",
                "network_id": 1762403
              }
            ],
            "placement_group_id": null,
            "rebuild_protection": false,
            "rescue": null,
            "server_type": "cx11",
            "ssh_keys": [
              "6738656"
            ],
            "status": "running",
            "timeouts": null,
            "user_data": null
          },
          "sensitive_attributes": [],
          "private": "eyJlMmJmYjczMC1lY2FhLTExZTYtOGY4OC0zNDM2M2JjN2M0YzAiOnsiY3JlYXRlIjo1NDAwMDAwMDAwMDAwfX0=",
          "dependencies": [
            "data.hcloud_ssh_key.ssh_key",
            "hcloud_network.network",
            "hcloud_network_subnet.network-subnet"
          ]
        }
      ]
    }
  ]
}
